<?xml version="1.0" encoding="utf-8"?>
<Project ToolsVersion="4.0" xmlns="http://schemas.microsoft.com/developer/msbuild/2003">
  <ItemGroup>
    <ClCompile Include="Application.cpp" />
  </ItemGroup>
  <ItemGroup>
    <ClInclude Include="RenderPipeline.h" />
    <ClInclude Include="Geometry.h" />
    <ClInclude Include="Geometry_Color.h" />
    <ClInclude Include="Geometry_Texture.h" />
    <ClInclude Include="RenderEngine.h" />
    <ClInclude Include="Geometry_2D.h" />
  </ItemGroup>
  <ItemGroup>
    <Filter Include="shaders">
      <UniqueIdentifier>{b956a26c-c3d8-44e6-930f-d985e8054d85}</UniqueIdentifier>
    </Filter>
    <Filter Include="shaders\color">
      <UniqueIdentifier>{6d7cd3f2-f182-4d65-9d9e-2e81180047d0}</UniqueIdentifier>
    </Filter>
    <Filter Include="shaders\texture">
      <UniqueIdentifier>{83ba9321-c23e-4fb9-a31f-9dbf04aedd80}</UniqueIdentifier>
    </Filter>
    <Filter Include="shaders\notexture">
      <UniqueIdentifier>{f9f7b986-e4da-418a-9491-5b2e5409d77a}</UniqueIdentifier>
    </Filter>
    <Filter Include="shaders\ortho2d">
      <UniqueIdentifier>{42ad4f3e-fb49-43e9-b2e1-9250356db298}</UniqueIdentifier>
    </Filter>
  </ItemGroup>
  <ItemGroup>
    <None Include="shaders\color\shader.frag">
      <Filter>shaders\color</Filter>
    </None>
    <None Include="shaders\color\shader.vert">
      <Filter>shaders\color</Filter>
    </None>
    <None Include="shaders\texture\shader.frag">
      <Filter>shaders\texture</Filter>
    </None>
    <None Include="shaders\texture\shader.vert">
      <Filter>shaders\texture</Filter>
    </None>
    <None Include="shaders\notexture\shader.frag">
      <Filter>shaders\notexture</Filter>
    </None>
    <None Include="shaders\notexture\shader.vert">
      <Filter>shaders\notexture</Filter>
    </None>
    <None Include="shaders\ortho2d\shader.frag">
      <Filter>shaders\ortho2d</Filter>
    </None>
    <None Include="shaders\ortho2d\shader.vert">
      <Filter>shaders\ortho2d</Filter>
    </None>
  </ItemGroup>
</Project>