<?xml version="1.0" encoding="utf-8"?>
<Project ToolsVersion="4.0" xmlns="http://schemas.microsoft.com/developer/msbuild/2003">
  <ItemGroup>
    <ClCompile Include="Application.cpp" />
    <ClCompile Include="Utility.cpp" />
  </ItemGroup>
  <ItemGroup>
    <ClInclude Include="Geometry.h" />
    <ClInclude Include="Geometry_Color.h" />
    <ClInclude Include="Geometry_Texture.h" />
    <ClInclude Include="RenderEngine.h" />
    <ClInclude Include="Geometry_2D.h" />
    <ClInclude Include="Geometry_Text.h" />
    <ClInclude Include="Utility.h" />
    <ClInclude Include="Math.h" />
    <ClInclude Include="Scene.h" />
    <ClInclude Include="CubeScene.h" />
    <ClInclude Include="FontScene.h" />
    <ClInclude Include="ModelScene.h" />
    <ClInclude Include="SpriteScene.h" />
    <ClInclude Include="Font.h" />
    <ClInclude Include="Text.h" />
  </ItemGroup>
  <ItemGroup>
    <Filter Include="shaders">
      <UniqueIdentifier>{b956a26c-c3d8-44e6-930f-d985e8054d85}</UniqueIdentifier>
    </Filter>
    <Filter Include="shaders\color">
      <UniqueIdentifier>{6d7cd3f2-f182-4d65-9d9e-2e81180047d0}</UniqueIdentifier>
    </Filter>
    <Filter Include="shaders\texture">
      <UniqueIdentifier>{83ba9321-c23e-4fb9-a31f-9dbf04aedd80}</UniqueIdentifier>
    </Filter>
    <Filter Include="shaders\notexture">
      <UniqueIdentifier>{f9f7b986-e4da-418a-9491-5b2e5409d77a}</UniqueIdentifier>
    </Filter>
    <Filter Include="shaders\ortho2d">
      <UniqueIdentifier>{42ad4f3e-fb49-43e9-b2e1-9250356db298}</UniqueIdentifier>
    </Filter>
    <Filter Include="fonts">
      <UniqueIdentifier>{fcde1983-0ef3-4a30-b7b3-da2da656a605}</UniqueIdentifier>
    </Filter>
    <Filter Include="shaders\text">
      <UniqueIdentifier>{eab54361-23ec-45af-9123-d30786941e4a}</UniqueIdentifier>
    </Filter>
    <Filter Include="fonts\Inconsolata">
      <UniqueIdentifier>{531d9c4d-46a3-4689-94d6-8bc4a907fe06}</UniqueIdentifier>
    </Filter>
  </ItemGroup>
  <ItemGroup>
    <None Include="shaders\color\shader.frag">
      <Filter>shaders\color</Filter>
    </None>
    <None Include="shaders\color\shader.vert">
      <Filter>shaders\color</Filter>
    </None>
    <None Include="shaders\texture\shader.frag">
      <Filter>shaders\texture</Filter>
    </None>
    <None Include="shaders\texture\shader.vert">
      <Filter>shaders\texture</Filter>
    </None>
    <None Include="shaders\notexture\shader.frag">
      <Filter>shaders\notexture</Filter>
    </None>
    <None Include="shaders\notexture\shader.vert">
      <Filter>shaders\notexture</Filter>
    </None>
    <None Include="shaders\ortho2d\shader.frag">
      <Filter>shaders\ortho2d</Filter>
    </None>
    <None Include="shaders\ortho2d\shader.vert">
      <Filter>shaders\ortho2d</Filter>
    </None>
    <None Include="shaders\text\shader.frag">
      <Filter>shaders\text</Filter>
    </None>
    <None Include="shaders\text\shader.vert">
      <Filter>shaders\text</Filter>
    </None>
  </ItemGroup>
  <ItemGroup>
    <Font Include="fonts\Inconsolata\Inconsolata-Regular.ttf">
      <Filter>fonts\Inconsolata</Filter>
    </Font>
  </ItemGroup>
</Project>